
Microsoft Visual Studio Solution File, Format Version 12.00
# Visual Studio Version 17
VisualStudioVersion = 17.14.36203.30 d17.14
MinimumVisualStudioVersion = 10.0.40219.1
Project("{FAE04EC0-301F-11D3-BF4B-00C04F79EFBC}") = "TABLAC_IT201WM_LABACT1_FINAL", "TABLAC_IT201WM_LABACT1_FINAL\TABLAC_IT201WM_LABACT1_FINAL.csproj", "{9F1EBD38-A317-4342-8C06-C88C65CE29A9}"
EndProject
Global
	GlobalSection(SolutionConfigurationPlatforms) = preSolution
		Debug|Any CPU = Debug|Any CPU
		Release|Any CPU = Release|Any CPU
	EndGlobalSection
	GlobalSection(ProjectConfigurationPlatforms) = postSolution
		{9F1EBD38-A317-4342-8C06-C88C65CE29A9}.Debug|Any CPU.ActiveCfg = Debug|Any CPU
		{9F1EBD38-A317-4342-8C06-C88C65CE29A9}.Debug|Any CPU.Build.0 = Debug|Any CPU
		{9F1EBD38-A317-4342-8C06-C88C65CE29A9}.Release|Any CPU.ActiveCfg = Release|Any CPU
		{9F1EBD38-A317-4342-8C06-C88C65CE29A9}.Release|Any CPU.Build.0 = Release|Any CPU
	EndGlobalSection
	GlobalSection(SolutionProperties) = preSolution
		HideSolutionNode = FALSE
	EndGlobalSection
	GlobalSection(ExtensibilityGlobals) = postSolution
		SolutionGuid = {45B3EC46-EC28-4604-8FF9-264027EB2325}
	EndGlobalSection
EndGlobal
